
Microsoft Visual Studio Solution File, Format Version 12.00
# Visual Studio 15
VisualStudioVersion = 15.0.28307.1259
MinimumVisualStudioVersion = 10.0.40219.1
Project("{8BC9CEB8-8B4A-11D0-8D11-00A0C91BC942}") = "4.31", "4.31\4.31.vcxproj", "{0778E5CF-A0DC-48CC-BFAC-F679F7F0BB95}"
EndProject
Global
	GlobalSection(SolutionConfigurationPlatforms) = preSolution
		Debug|x64 = Debug|x64
		Debug|x86 = Debug|x86
		Release|x64 = Release|x64
		Release|x86 = Release|x86
	EndGlobalSection
	GlobalSection(ProjectConfigurationPlatforms) = postSolution
		{0778E5CF-A0DC-48CC-BFAC-F679F7F0BB95}.Debug|x64.ActiveCfg = Debug|x64
		{0778E5CF-A0DC-48CC-BFAC-F679F7F0BB95}.Debug|x64.Build.0 = Debug|x64
		{0778E5CF-A0DC-48CC-BFAC-F679F7F0BB95}.Debug|x86.ActiveCfg = Debug|Win32
		{0778E5CF-A0DC-48CC-BFAC-F679F7F0BB95}.Debug|x86.Build.0 = Debug|Win32
		{0778E5CF-A0DC-48CC-BFAC-F679F7F0BB95}.Release|x64.ActiveCfg = Release|x64
		{0778E5CF-A0DC-48CC-BFAC-F679F7F0BB95}.Release|x64.Build.0 = Release|x64
		{0778E5CF-A0DC-48CC-BFAC-F679F7F0BB95}.Release|x86.ActiveCfg = Release|Win32
		{0778E5CF-A0DC-48CC-BFAC-F679F7F0BB95}.Release|x86.Build.0 = Release|Win32
	EndGlobalSection
	GlobalSection(SolutionProperties) = preSolution
		HideSolutionNode = FALSE
	EndGlobalSection
	GlobalSection(ExtensibilityGlobals) = postSolution
		SolutionGuid = {90A9C0BF-5006-4F5B-AA5B-59A6A4F21D0A}
	EndGlobalSection
EndGlobal
